
Microsoft Visual Studio Solution File, Format Version 12.00
# Visual Studio 15
Project("{FAE04EC0-301F-11D3-BF4B-00C04F79EFBC}") = "Assembly-CSharp", "Assembly-CSharp.csproj", "{FC233258-5F89-B2A4-7CE4-79CA734D0DC3}"
EndProject
Project("{FAE04EC0-301F-11D3-BF4B-00C04F79EFBC}") = "Assembly-CSharp-Editor", "Assembly-CSharp-Editor.csproj", "{E534DEF8-1CF2-B16A-DFB0-46479EF42EC6}"
EndProject
Global
	GlobalSection(SolutionConfigurationPlatforms) = preSolution
		Debug|Any CPU = Debug|Any CPU
		Release|Any CPU = Release|Any CPU
	EndGlobalSection
	GlobalSection(ProjectConfigurationPlatforms) = postSolution
		{FC233258-5F89-B2A4-7CE4-79CA734D0DC3}.Debug|Any CPU.ActiveCfg = Debug|Any CPU
		{FC233258-5F89-B2A4-7CE4-79CA734D0DC3}.Debug|Any CPU.Build.0 = Debug|Any CPU
		{FC233258-5F89-B2A4-7CE4-79CA734D0DC3}.Release|Any CPU.ActiveCfg = Release|Any CPU
		{FC233258-5F89-B2A4-7CE4-79CA734D0DC3}.Release|Any CPU.Build.0 = Release|Any CPU
		{E534DEF8-1CF2-B16A-DFB0-46479EF42EC6}.Debug|Any CPU.ActiveCfg = Debug|Any CPU
		{E534DEF8-1CF2-B16A-DFB0-46479EF42EC6}.Debug|Any CPU.Build.0 = Debug|Any CPU
		{E534DEF8-1CF2-B16A-DFB0-46479EF42EC6}.Release|Any CPU.ActiveCfg = Release|Any CPU
		{E534DEF8-1CF2-B16A-DFB0-46479EF42EC6}.Release|Any CPU.Build.0 = Release|Any CPU
	EndGlobalSection
	GlobalSection(SolutionProperties) = preSolution
		HideSolutionNode = FALSE
	EndGlobalSection
EndGlobal
